
Microsoft Visual Studio Solution File, Format Version 12.00
# Visual Studio Version 16
VisualStudioVersion = 16.0.28803.156
MinimumVisualStudioVersion = 10.0.40219.1
Project("{FAE04EC0-301F-11D3-BF4B-00C04F79EFBC}") = "Authentication", "Authentication\Authentication.csproj", "{A3CB6764-F720-475C-9324-36E277E83F81}"
EndProject
Global
	GlobalSection(SolutionConfigurationPlatforms) = preSolution
		Debug|Any CPU = Debug|Any CPU
		Release|Any CPU = Release|Any CPU
	EndGlobalSection
	GlobalSection(ProjectConfigurationPlatforms) = postSolution
		{A3CB6764-F720-475C-9324-36E277E83F81}.Debug|Any CPU.ActiveCfg = Debug|Any CPU
		{A3CB6764-F720-475C-9324-36E277E83F81}.Debug|Any CPU.Build.0 = Debug|Any CPU
		{A3CB6764-F720-475C-9324-36E277E83F81}.Release|Any CPU.ActiveCfg = Release|Any CPU
		{A3CB6764-F720-475C-9324-36E277E83F81}.Release|Any CPU.Build.0 = Release|Any CPU
	EndGlobalSection
	GlobalSection(SolutionProperties) = preSolution
		HideSolutionNode = FALSE
	EndGlobalSection
	GlobalSection(ExtensibilityGlobals) = postSolution
		SolutionGuid = {62B1BCDA-3D76-4542-96FC-71C3433E8C5F}
	EndGlobalSection
EndGlobal
